// !$*UTF8*$!
{
	archiveVersion = 1;
	classes = {
	};
	objectVersion = 56;
	objects = {

/* Begin PBXBuildFile section */
		23CA41EB29D2B87B00099D83 /* foodappApp.swift in Sources */ = {isa = PBXBuildFile; fileRef = 23CA41EA29D2B87B00099D83 /* foodappApp.swift */; };
		23CA41ED29D2B87B00099D83 /* ContentView.swift in Sources */ = {isa = PBXBuildFile; fileRef = 23CA41EC29D2B87B00099D83 /* ContentView.swift */; };
		23CA41EF29D2B87B00099D83 /* Assets.xcassets in Resources */ = {isa = PBXBuildFile; fileRef = 23CA41EE29D2B87B00099D83 /* Assets.xcassets */; };
		23CA41F229D2B87B00099D83 /* Preview Assets.xcassets in Resources */ = {isa = PBXBuildFile; fileRef = 23CA41F129D2B87B00099D83 /* Preview Assets.xcassets */; };
		23CA41FC29D2B87C00099D83 /* foodappTests.swift in Sources */ = {isa = PBXBuildFile; fileRef = 23CA41FB29D2B87C00099D83 /* foodappTests.swift */; };
		23CA420629D2B87C00099D83 /* foodappUITests.swift in Sources */ = {isa = PBXBuildFile; fileRef = 23CA420529D2B87C00099D83 /* foodappUITests.swift */; };
		23CA420829D2B87C00099D83 /* foodappUITestsLaunchTests.swift in Sources */ = {isa = PBXBuildFile; fileRef = 23CA420729D2B87C00099D83 /* foodappUITestsLaunchTests.swift */; };
/* End PBXBuildFile section */

/* Begin PBXContainerItemProxy section */
		23CA41F829D2B87C00099D83 /* PBXContainerItemProxy */ = {
			isa = PBXContainerItemProxy;
			containerPortal = 23CA41DF29D2B87B00099D83 /* Project object */;
			proxyType = 1;
			remoteGlobalIDString = 23CA41E629D2B87B00099D83;
			remoteInfo = foodapp;
		};
		23CA420229D2B87C00099D83 /* PBXContainerItemProxy */ = {
			isa = PBXContainerItemProxy;
			containerPortal = 23CA41DF29D2B87B00099D83 /* Project object */;
			proxyType = 1;
			remoteGlobalIDString = 23CA41E629D2B87B00099D83;
			remoteInfo = foodapp;
		};
/* End PBXContainerItemProxy section */

/* Begin PBXFileReference section */
		23CA41E729D2B87B00099D83 /* foodapp.app */ = {isa = PBXFileReference; explicitFileType = wrapper.application; includeInIndex = 0; path = foodapp.app; sourceTree = BUILT_PRODUCTS_DIR; };
		23CA41EA29D2B87B00099D83 /* foodappApp.swift */ = {isa = PBXFileReference; lastKnownFileType = sourcecode.swift; path = foodappApp.swift; sourceTree = "<group>"; };
		23CA41EC29D2B87B00099D83 /* ContentView.swift */ = {isa = PBXFileReference; lastKnownFileType = sourcecode.swift; path = ContentView.swift; sourceTree = "<group>"; };
		23CA41EE29D2B87B00099D83 /* Assets.xcassets */ = {isa = PBXFileReference; lastKnownFileType = folder.assetcatalog; path = Assets.xcassets; sourceTree = "<group>"; };
		23CA41F129D2B87B00099D83 /* Preview Assets.xcassets */ = {isa = PBXFileReference; lastKnownFileType = folder.assetcatalog; path = "Preview Assets.xcassets"; sourceTree = "<group>"; };
		23CA41F729D2B87C00099D83 /* foodappTests.xctest */ = {isa = PBXFileReference; explicitFileType = wrapper.cfbundle; includeInIndex = 0; path = foodappTests.xctest; sourceTree = BUILT_PRODUCTS_DIR; };
		23CA41FB29D2B87C00099D83 /* foodappTests.swift */ = {isa = PBXFileReference; lastKnownFileType = sourcecode.swift; path = foodappTests.swift; sourceTree = "<group>"; };
		23CA420129D2B87C00099D83 /* foodappUITests.xctest */ = {isa = PBXFileReference; explicitFileType = wrapper.cfbundle; includeInIndex = 0; path = foodappUITests.xctest; sourceTree = BUILT_PRODUCTS_DIR; };
		23CA420529D2B87C00099D83 /* foodappUITests.swift */ = {isa = PBXFileReference; lastKnownFileType = sourcecode.swift; path = foodappUITests.swift; sourceTree = "<group>"; };
		23CA420729D2B87C00099D83 /* foodappUITestsLaunchTests.swift */ = {isa = PBXFileReference; lastKnownFileType = sourcecode.swift; path = foodappUITestsLaunchTests.swift; sourceTree = "<group>"; };
/* End PBXFileReference section */

/* Begin PBXFrameworksBuildPhase section */
		23CA41E429D2B87B00099D83 /* Frameworks */ = {
			isa = PBXFrameworksBuildPhase;
			buildActionMask = 2147483647;
			files = (
			);
			runOnlyForDeploymentPostprocessing = 0;
		};
		23CA41F429D2B87C00099D83 /* Frameworks */ = {
			isa = PBXFrameworksBuildPhase;
			buildActionMask = 2147483647;
			files = (
			);
			runOnlyForDeploymentPostprocessing = 0;
		};
		23CA41FE29D2B87C00099D83 /* Frameworks */ = {
			isa = PBXFrameworksBuildPhase;
			buildActionMask = 2147483647;
			files = (
			);
			runOnlyForDeploymentPostprocessing = 0;
		};
/* End PBXFrameworksBuildPhase section */

/* Begin PBXGroup section */
		23CA41DE29D2B87B00099D83 = {
			isa = PBXGroup;
			children = (
				23CA41E929D2B87B00099D83 /* foodapp */,
				23CA41FA29D2B87C00099D83 /* foodappTests */,
				23CA420429D2B87C00099D83 /* foodappUITests */,
				23CA41E829D2B87B00099D83 /* Products */,
			);
			sourceTree = "<group>";
		};
		23CA41E829D2B87B00099D83 /* Products */ = {
			isa = PBXGroup;
			children = (
				23CA41E729D2B87B00099D83 /* foodapp.app */,
				23CA41F729D2B87C00099D83 /* foodappTests.xctest */,
				23CA420129D2B87C00099D83 /* foodappUITests.xctest */,
			);
			name = Products;
			sourceTree = "<group>";
		};
		23CA41E929D2B87B00099D83 /* foodapp */ = {
			isa = PBXGroup;
			children = (
				23CA41EA29D2B87B00099D83 /* foodappApp.swift */,
				23CA41EC29D2B87B00099D83 /* ContentView.swift */,
				23CA41EE29D2B87B00099D83 /* Assets.xcassets */,
				23CA41F029D2B87B00099D83 /* Preview Content */,
			);
			path = foodapp;
			sourceTree = "<group>";
		};
		23CA41F029D2B87B00099D83 /* Preview Content */ = {
			isa = PBXGroup;
			children = (
				23CA41F129D2B87B00099D83 /* Preview Assets.xcassets */,
			);
			path = "Preview Content";
			sourceTree = "<group>";
		};
		23CA41FA29D2B87C00099D83 /* foodappTests */ = {
			isa = PBXGroup;
			children = (
				23CA41FB29D2B87C00099D83 /* foodappTests.swift */,
			);
			path = foodappTests;
			sourceTree = "<group>";
		};
		23CA420429D2B87C00099D83 /* foodappUITests */ = {
			isa = PBXGroup;
			children = (
				23CA420529D2B87C00099D83 /* foodappUITests.swift */,
				23CA420729D2B87C00099D83 /* foodappUITestsLaunchTests.swift */,
			);
			path = foodappUITests;
			sourceTree = "<group>";
		};
/* End PBXGroup section */

/* Begin PBXNativeTarget section */
		23CA41E629D2B87B00099D83 /* foodapp */ = {
			isa = PBXNativeTarget;
			buildConfigurationList = 23CA420B29D2B87C00099D83 /* Build configuration list for PBXNativeTarget "foodapp" */;
			buildPhases = (
				23CA41E329D2B87B00099D83 /* Sources */,
				23CA41E429D2B87B00099D83 /* Frameworks */,
				23CA41E529D2B87B00099D83 /* Resources */,
			);
			buildRules = (
			);
			dependencies = (
			);
			name = foodapp;
			productName = foodapp;
			productReference = 23CA41E729D2B87B00099D83 /* foodapp.app */;
			productType = "com.apple.product-type.application";
		};
		23CA41F629D2B87C00099D83 /* foodappTests */ = {
			isa = PBXNativeTarget;
			buildConfigurationList = 23CA420E29D2B87C00099D83 /* Build configuration list for PBXNativeTarget "foodappTests" */;
			buildPhases = (
				23CA41F329D2B87C00099D83 /* Sources */,
				23CA41F429D2B87C00099D83 /* Frameworks */,
				23CA41F529D2B87C00099D83 /* Resources */,
			);
			buildRules = (
			);
			dependencies = (
				23CA41F929D2B87C00099D83 /* PBXTargetDependency */,
			);
			name = foodappTests;
			productName = foodappTests;
			productReference = 23CA41F729D2B87C00099D83 /* foodappTests.xctest */;
			productType = "com.apple.product-type.bundle.unit-test";
		};
		23CA420029D2B87C00099D83 /* foodappUITests */ = {
			isa = PBXNativeTarget;
			buildConfigurationList = 23CA421129D2B87C00099D83 /* Build configuration list for PBXNativeTarget "foodappUITests" */;
			buildPhases = (
				23CA41FD29D2B87C00099D83 /* Sources */,
				23CA41FE29D2B87C00099D83 /* Frameworks */,
				23CA41FF29D2B87C00099D83 /* Resources */,
			);
			buildRules = (
			);
			dependencies = (
				23CA420329D2B87C00099D83 /* PBXTargetDependency */,
			);
			name = foodappUITests;
			productName = foodappUITests;
			productReference = 23CA420129D2B87C00099D83 /* foodappUITests.xctest */;
			productType = "com.apple.product-type.bundle.ui-testing";
		};
/* End PBXNativeTarget section */

/* Begin PBXProject section */
		23CA41DF29D2B87B00099D83 /* Project object */ = {
			isa = PBXProject;
			attributes = {
				BuildIndependentTargetsInParallel = 1;
				LastSwiftUpdateCheck = 1430;
				LastUpgradeCheck = 1430;
				TargetAttributes = {
					23CA41E629D2B87B00099D83 = {
						CreatedOnToolsVersion = 14.3;
					};
					23CA41F629D2B87C00099D83 = {
						CreatedOnToolsVersion = 14.3;
						TestTargetID = 23CA41E629D2B87B00099D83;
					};
					23CA420029D2B87C00099D83 = {
						CreatedOnToolsVersion = 14.3;
						TestTargetID = 23CA41E629D2B87B00099D83;
					};
				};
			};
			buildConfigurationList = 23CA41E229D2B87B00099D83 /* Build configuration list for PBXProject "foodapp" */;
			compatibilityVersion = "Xcode 14.0";
			developmentRegion = en;
			hasScannedForEncodings = 0;
			knownRegions = (
				en,
				Base,
			);
			mainGroup = 23CA41DE29D2B87B00099D83;
			productRefGroup = 23CA41E829D2B87B00099D83 /* Products */;
			projectDirPath = "";
			projectRoot = "";
			targets = (
				23CA41E629D2B87B00099D83 /* foodapp */,
				23CA41F629D2B87C00099D83 /* foodappTests */,
				23CA420029D2B87C00099D83 /* foodappUITests */,
			);
		};
/* End PBXProject section */

/* Begin PBXResourcesBuildPhase section */
		23CA41E529D2B87B00099D83 /* Resources */ = {
			isa = PBXResourcesBuildPhase;
			buildActionMask = 2147483647;
			files = (
				23CA41F229D2B87B00099D83 /* Preview Assets.xcassets in Resources */,
				23CA41EF29D2B87B00099D83 /* Assets.xcassets in Resources */,
			);
			runOnlyForDeploymentPostprocessing = 0;
		};
		23CA41F529D2B87C00099D83 /* Resources */ = {
			isa = PBXResourcesBuildPhase;
			buildActionMask = 2147483647;
			files = (
			);
			runOnlyForDeploymentPostprocessing = 0;
		};
		23CA41FF29D2B87C00099D83 /* Resources */ = {
			isa = PBXResourcesBuildPhase;
			buildActionMask = 2147483647;
			files = (
			);
			runOnlyForDeploymentPostprocessing = 0;
		};
/* End PBXResourcesBuildPhase section */

/* Begin PBXSourcesBuildPhase section */
		23CA41E329D2B87B00099D83 /* Sources */ = {
			isa = PBXSourcesBuildPhase;
			buildActionMask = 2147483647;
			files = (
				23CA41ED29D2B87B00099D83 /* ContentView.swift in Sources */,
				23CA41EB29D2B87B00099D83 /* foodappApp.swift in Sources */,
			);
			runOnlyForDeploymentPostprocessing = 0;
		};
		23CA41F329D2B87C00099D83 /* Sources */ = {
			isa = PBXSourcesBuildPhase;
			buildActionMask = 2147483647;
			files = (
				23CA41FC29D2B87C00099D83 /* foodappTests.swift in Sources */,
			);
			runOnlyForDeploymentPostprocessing = 0;
		};
		23CA41FD29D2B87C00099D83 /* Sources */ = {
			isa = PBXSourcesBuildPhase;
			buildActionMask = 2147483647;
			files = (
				23CA420829D2B87C00099D83 /* foodappUITestsLaunchTests.swift in Sources */,
				23CA420629D2B87C00099D83 /* foodappUITests.swift in Sources */,
			);
			runOnlyForDeploymentPostprocessing = 0;
		};
/* End PBXSourcesBuildPhase section */

/* Begin PBXTargetDependency section */
		23CA41F929D2B87C00099D83 /* PBXTargetDependency */ = {
			isa = PBXTargetDependency;
			target = 23CA41E629D2B87B00099D83 /* foodapp */;
			targetProxy = 23CA41F829D2B87C00099D83 /* PBXContainerItemProxy */;
		};
		23CA420329D2B87C00099D83 /* PBXTargetDependency */ = {
			isa = PBXTargetDependency;
			target = 23CA41E629D2B87B00099D83 /* foodapp */;
			targetProxy = 23CA420229D2B87C00099D83 /* PBXContainerItemProxy */;
		};
/* End PBXTargetDependency section */

/* Begin XCBuildConfiguration section */
		23CA420929D2B87C00099D83 /* Debug */ = {
			isa = XCBuildConfiguration;
			buildSettings = {
				ALWAYS_SEARCH_USER_PATHS = NO;
				CLANG_ANALYZER_NONNULL = YES;
				CLANG_ANALYZER_NUMBER_OBJECT_CONVERSION = YES_AGGRESSIVE;
				CLANG_CXX_LANGUAGE_STANDARD = "gnu++20";
				CLANG_ENABLE_MODULES = YES;
				CLANG_ENABLE_OBJC_ARC = YES;
				CLANG_ENABLE_OBJC_WEAK = YES;
				CLANG_WARN_BLOCK_CAPTURE_AUTORELEASING = YES;
				CLANG_WARN_BOOL_CONVERSION = YES;
				CLANG_WARN_COMMA = YES;
				CLANG_WARN_CONSTANT_CONVERSION = YES;
				CLANG_WARN_DEPRECATED_OBJC_IMPLEMENTATIONS = YES;
				CLANG_WARN_DIRECT_OBJC_ISA_USAGE = YES_ERROR;
				CLANG_WARN_DOCUMENTATION_COMMENTS = YES;
				CLANG_WARN_EMPTY_BODY = YES;
				CLANG_WARN_ENUM_CONVERSION = YES;
				CLANG_WARN_INFINITE_RECURSION = YES;
				CLANG_WARN_INT_CONVERSION = YES;
				CLANG_WARN_NON_LITERAL_NULL_CONVERSION = YES;
				CLANG_WARN_OBJC_IMPLICIT_RETAIN_SELF = YES;
				CLANG_WARN_OBJC_LITERAL_CONVERSION = YES;
				CLANG_WARN_OBJC_ROOT_CLASS = YES_ERROR;
				CLANG_WARN_QUOTED_INCLUDE_IN_FRAMEWORK_HEADER = YES;
				CLANG_WARN_RANGE_LOOP_ANALYSIS = YES;
				CLANG_WARN_STRICT_PROTOTYPES = YES;
				CLANG_WARN_SUSPICIOUS_MOVE = YES;
				CLANG_WARN_UNGUARDED_AVAILABILITY = YES_AGGRESSIVE;
				CLANG_WARN_UNREACHABLE_CODE = YES;
				CLANG_WARN__DUPLICATE_METHOD_MATCH = YES;
				COPY_PHASE_STRIP = NO;
				DEBUG_INFORMATION_FORMAT = dwarf;
				ENABLE_STRICT_OBJC_MSGSEND = YES;
				ENABLE_TESTABILITY = YES;
				GCC_C_LANGUAGE_STANDARD = gnu11;
				GCC_DYNAMIC_NO_PIC = NO;
				GCC_NO_COMMON_BLOCKS = YES;
				GCC_OPTIMIZATION_LEVEL = 0;
				GCC_PREPROCESSOR_DEFINITIONS = (
					"DEBUG=1",
					"$(inherited)",
				);
				GCC_WARN_64_TO_32_BIT_CONVERSION = YES;
				GCC_WARN_ABOUT_RETURN_TYPE = YES_ERROR;
				GCC_WARN_UNDECLARED_SELECTOR = YES;
				GCC_WARN_UNINITIALIZED_AUTOS = YES_AGGRESSIVE;
				GCC_WARN_UNUSED_FUNCTION = YES;
				GCC_WARN_UNUSED_VARIABLE = YES;
				IPHONEOS_DEPLOYMENT_TARGET = 16.4;
				MTL_ENABLE_DEBUG_INFO = INCLUDE_SOURCE;
				MTL_FAST_MATH = YES;
				ONLY_ACTIVE_ARCH = YES;
				SDKROOT = iphoneos;
				SWIFT_ACTIVE_COMPILATION_CONDITIONS = DEBUG;
				SWIFT_OPTIMIZATION_LEVEL = "-Onone";
			};
			name = Debug;
		};
		23CA420A29D2B87C00099D83 /* Release */ = {
			isa = XCBuildConfiguration;
			buildSettings = {
				ALWAYS_SEARCH_USER_PATHS = NO;
				CLANG_ANALYZER_NONNULL = YES;
				CLANG_ANALYZER_NUMBER_OBJECT_CONVERSION = YES_AGGRESSIVE;
				CLANG_CXX_LANGUAGE_STANDARD = "gnu++20";
				CLANG_ENABLE_MODULES = YES;
				CLANG_ENABLE_OBJC_ARC = YES;
				CLANG_ENABLE_OBJC_WEAK = YES;
				CLANG_WARN_BLOCK_CAPTURE_AUTORELEASING = YES;
				CLANG_WARN_BOOL_CONVERSION = YES;
				CLANG_WARN_COMMA = YES;
				CLANG_WARN_CONSTANT_CONVERSION = YES;
				CLANG_WARN_DEPRECATED_OBJC_IMPLEMENTATIONS = YES;
				CLANG_WARN_DIRECT_OBJC_ISA_USAGE = YES_ERROR;
				CLANG_WARN_DOCUMENTATION_COMMENTS = YES;
				CLANG_WARN_EMPTY_BODY = YES;
				CLANG_WARN_ENUM_CONVERSION = YES;
				CLANG_WARN_INFINITE_RECURSION = YES;
				CLANG_WARN_INT_CONVERSION = YES;
				CLANG_WARN_NON_LITERAL_NULL_CONVERSION = YES;
				CLANG_WARN_OBJC_IMPLICIT_RETAIN_SELF = YES;
				CLANG_WARN_OBJC_LITERAL_CONVERSION = YES;
				CLANG_WARN_OBJC_ROOT_CLASS = YES_ERROR;
				CLANG_WARN_QUOTED_INCLUDE_IN_FRAMEWORK_HEADER = YES;
				CLANG_WARN_RANGE_LOOP_ANALYSIS = YES;
				CLANG_WARN_STRICT_PROTOTYPES = YES;
				CLANG_WARN_SUSPICIOUS_MOVE = YES;
				CLANG_WARN_UNGUARDED_AVAILABILITY = YES_AGGRESSIVE;
				CLANG_WARN_UNREACHABLE_CODE = YES;
				CLANG_WARN__DUPLICATE_METHOD_MATCH = YES;
				COPY_PHASE_STRIP = NO;
				DEBUG_INFORMATION_FORMAT = "dwarf-with-dsym";
				ENABLE_NS_ASSERTIONS = NO;
				ENABLE_STRICT_OBJC_MSGSEND = YES;
				GCC_C_LANGUAGE_STANDARD = gnu11;
				GCC_NO_COMMON_BLOCKS = YES;
				GCC_WARN_64_TO_32_BIT_CONVERSION = YES;
				GCC_WARN_ABOUT_RETURN_TYPE = YES_ERROR;
				GCC_WARN_UNDECLARED_SELECTOR = YES;
				GCC_WARN_UNINITIALIZED_AUTOS = YES_AGGRESSIVE;
				GCC_WARN_UNUSED_FUNCTION = YES;
				GCC_WARN_UNUSED_VARIABLE = YES;
				IPHONEOS_DEPLOYMENT_TARGET = 16.4;
				MTL_ENABLE_DEBUG_INFO = NO;
				MTL_FAST_MATH = YES;
				SDKROOT = iphoneos;
				SWIFT_COMPILATION_MODE = wholemodule;
				SWIFT_OPTIMIZATION_LEVEL = "-O";
				VALIDATE_PRODUCT = YES;
			};
			name = Release;
		};
		23CA420C29D2B87C00099D83 /* Debug */ = {
			isa = XCBuildConfiguration;
			buildSettings = {
				ASSETCATALOG_COMPILER_APPICON_NAME = AppIcon;
				ASSETCATALOG_COMPILER_GLOBAL_ACCENT_COLOR_NAME = AccentColor;
				CODE_SIGN_STYLE = Automatic;
				CURRENT_PROJECT_VERSION = 1;
				DEVELOPMENT_ASSET_PATHS = "\"foodapp/Preview Content\"";
				ENABLE_PREVIEWS = YES;
				GENERATE_INFOPLIST_FILE = YES;
				INFOPLIST_KEY_UIApplicationSceneManifest_Generation = YES;
				INFOPLIST_KEY_UIApplicationSupportsIndirectInputEvents = YES;
				INFOPLIST_KEY_UILaunchScreen_Generation = YES;
				INFOPLIST_KEY_UISupportedInterfaceOrientations_iPad = "UIInterfaceOrientationPortrait UIInterfaceOrientationPortraitUpsideDown UIInterfaceOrientationLandscapeLeft UIInterfaceOrientationLandscapeRight";
				INFOPLIST_KEY_UISupportedInterfaceOrientations_iPhone = "UIInterfaceOrientationPortrait UIInterfaceOrientationLandscapeLeft UIInterfaceOrientationLandscapeRight";
				LD_RUNPATH_SEARCH_PATHS = (
					"$(inherited)",
					"@executable_path/Frameworks",
				);
				MARKETING_VERSION = 1.0;
				PRODUCT_BUNDLE_IDENTIFIER = goldtime.ntub.foodapp;
				PRODUCT_NAME = "$(TARGET_NAME)";
				SWIFT_EMIT_LOC_STRINGS = YES;
				SWIFT_VERSION = 5.0;
				TARGETED_DEVICE_FAMILY = "1,2";
			};
			name = Debug;
		};
		23CA420D29D2B87C00099D83 /* Release */ = {
			isa = XCBuildConfiguration;
			buildSettings = {
				ASSETCATALOG_COMPILER_APPICON_NAME = AppIcon;
				ASSETCATALOG_COMPILER_GLOBAL_ACCENT_COLOR_NAME = AccentColor;
				CODE_SIGN_STYLE = Automatic;
				CURRENT_PROJECT_VERSION = 1;
				DEVELOPMENT_ASSET_PATHS = "\"foodapp/Preview Content\"";
				ENABLE_PREVIEWS = YES;
				GENERATE_INFOPLIST_FILE = YES;
				INFOPLIST_KEY_UIApplicationSceneManifest_Generation = YES;
				INFOPLIST_KEY_UIApplicationSupportsIndirectInputEvents = YES;
				INFOPLIST_KEY_UILaunchScreen_Generation = YES;
				INFOPLIST_KEY_UISupportedInterfaceOrientations_iPad = "UIInterfaceOrientationPortrait UIInterfaceOrientationPortraitUpsideDown UIInterfaceOrientationLandscapeLeft UIInterfaceOrientationLandscapeRight";
				INFOPLIST_KEY_UISupportedInterfaceOrientations_iPhone = "UIInterfaceOrientationPortrait UIInterfaceOrientationLandscapeLeft UIInterfaceOrientationLandscapeRight";
				LD_RUNPATH_SEARCH_PATHS = (
					"$(inherited)",
					"@executable_path/Frameworks",
				);
				MARKETING_VERSION = 1.0;
				PRODUCT_BUNDLE_IDENTIFIER = goldtime.ntub.foodapp;
				PRODUCT_NAME = "$(TARGET_NAME)";
				SWIFT_EMIT_LOC_STRINGS = YES;
				SWIFT_VERSION = 5.0;
				TARGETED_DEVICE_FAMILY = "1,2";
			};
			name = Release;
		};
		23CA420F29D2B87C00099D83 /* Debug */ = {
			isa = XCBuildConfiguration;
			buildSettings = {
				ALWAYS_EMBED_SWIFT_STANDARD_LIBRARIES = YES;
				BUNDLE_LOADER = "$(TEST_HOST)";
				CODE_SIGN_STYLE = Automatic;
				CURRENT_PROJECT_VERSION = 1;
				GENERATE_INFOPLIST_FILE = YES;
				IPHONEOS_DEPLOYMENT_TARGET = 16.4;
				MARKETING_VERSION = 1.0;
				PRODUCT_BUNDLE_IDENTIFIER = goldtime.ntub.foodappTests;
				PRODUCT_NAME = "$(TARGET_NAME)";
				SWIFT_EMIT_LOC_STRINGS = NO;
				SWIFT_VERSION = 5.0;
				TARGETED_DEVICE_FAMILY = "1,2";
				TEST_HOST = "$(BUILT_PRODUCTS_DIR)/foodapp.app/$(BUNDLE_EXECUTABLE_FOLDER_PATH)/foodapp";
			};
			name = Debug;
		};
		23CA421029D2B87C00099D83 /* Release */ = {
			isa = XCBuildConfiguration;
			buildSettings = {
				ALWAYS_EMBED_SWIFT_STANDARD_LIBRARIES = YES;
				BUNDLE_LOADER = "$(TEST_HOST)";
				CODE_SIGN_STYLE = Automatic;
				CURRENT_PROJECT_VERSION = 1;
				GENERATE_INFOPLIST_FILE = YES;
				IPHONEOS_DEPLOYMENT_TARGET = 16.4;
				MARKETING_VERSION = 1.0;
				PRODUCT_BUNDLE_IDENTIFIER = goldtime.ntub.foodappTests;
				PRODUCT_NAME = "$(TARGET_NAME)";
				SWIFT_EMIT_LOC_STRINGS = NO;
				SWIFT_VERSION = 5.0;
				TARGETED_DEVICE_FAMILY = "1,2";
				TEST_HOST = "$(BUILT_PRODUCTS_DIR)/foodapp.app/$(BUNDLE_EXECUTABLE_FOLDER_PATH)/foodapp";
			};
			name = Release;
		};
		23CA421229D2B87C00099D83 /* Debug */ = {
			isa = XCBuildConfiguration;
			buildSettings = {
				ALWAYS_EMBED_SWIFT_STANDARD_LIBRARIES = YES;
				CODE_SIGN_STYLE = Automatic;
				CURRENT_PROJECT_VERSION = 1;
				GENERATE_INFOPLIST_FILE = YES;
				MARKETING_VERSION = 1.0;
				PRODUCT_BUNDLE_IDENTIFIER = goldtime.ntub.foodappUITests;
				PRODUCT_NAME = "$(TARGET_NAME)";
				SWIFT_EMIT_LOC_STRINGS = NO;
				SWIFT_VERSION = 5.0;
				TARGETED_DEVICE_FAMILY = "1,2";
				TEST_TARGET_NAME = foodapp;
			};
			name = Debug;
		};
		23CA421329D2B87C00099D83 /* Release */ = {
			isa = XCBuildConfiguration;
			buildSettings = {
				ALWAYS_EMBED_SWIFT_STANDARD_LIBRARIES = YES;
				CODE_SIGN_STYLE = Automatic;
				CURRENT_PROJECT_VERSION = 1;
				GENERATE_INFOPLIST_FILE = YES;
				MARKETING_VERSION = 1.0;
				PRODUCT_BUNDLE_IDENTIFIER = goldtime.ntub.foodappUITests;
				PRODUCT_NAME = "$(TARGET_NAME)";
				SWIFT_EMIT_LOC_STRINGS = NO;
				SWIFT_VERSION = 5.0;
				TARGETED_DEVICE_FAMILY = "1,2";
				TEST_TARGET_NAME = foodapp;
			};
			name = Release;
		};
/* End XCBuildConfiguration section */

/* Begin XCConfigurationList section */
		23CA41E229D2B87B00099D83 /* Build configuration list for PBXProject "foodapp" */ = {
			isa = XCConfigurationList;
			buildConfigurations = (
				23CA420929D2B87C00099D83 /* Debug */,
				23CA420A29D2B87C00099D83 /* Release */,
			);
			defaultConfigurationIsVisible = 0;
			defaultConfigurationName = Release;
		};
		23CA420B29D2B87C00099D83 /* Build configuration list for PBXNativeTarget "foodapp" */ = {
			isa = XCConfigurationList;
			buildConfigurations = (
				23CA420C29D2B87C00099D83 /* Debug */,
				23CA420D29D2B87C00099D83 /* Release */,
			);
			defaultConfigurationIsVisible = 0;
			defaultConfigurationName = Release;
		};
		23CA420E29D2B87C00099D83 /* Build configuration list for PBXNativeTarget "foodappTests" */ = {
			isa = XCConfigurationList;
			buildConfigurations = (
				23CA420F29D2B87C00099D83 /* Debug */,
				23CA421029D2B87C00099D83 /* Release */,
			);
			defaultConfigurationIsVisible = 0;
			defaultConfigurationName = Release;
		};
		23CA421129D2B87C00099D83 /* Build configuration list for PBXNativeTarget "foodappUITests" */ = {
			isa = XCConfigurationList;
			buildConfigurations = (
				23CA421229D2B87C00099D83 /* Debug */,
				23CA421329D2B87C00099D83 /* Release */,
			);
			defaultConfigurationIsVisible = 0;
			defaultConfigurationName = Release;
		};
/* End XCConfigurationList section */
	};
	rootObject = 23CA41DF29D2B87B00099D83 /* Project object */;
}
